{
  "name": "reporter-cucumber-custom",
  "lockfileVersion": 3,
  "requires": true,
  "packages": {
    "": {
      "devDependencies": {
        "allure-playwright": "2.12.2"
      }
    },
    "node_modules/allure-js-commons": {
      "version": "2.12.2",
      "resolved": "https://registry.npmjs.org/allure-js-commons/-/allure-js-commons-2.12.2.tgz",
      "integrity": "sha512-bapkOHuwOYFR62aeNNwFmf8+LZSchzQ4Q8cFXWvEqP5fBTgADA+GujsRl936gjmTmKWVmKYwQfUt+PZw6tgFzw==",
      "dev": true,
      "dependencies": {
        "properties": "^1.2.1",
        "strip-ansi": "^5.2.0"
      }
    },
    "node_modules/allure-playwright": {
      "version": "2.12.2",
      "resolved": "https://registry.npmjs.org/allure-playwright/-/allure-playwright-2.12.2.tgz",
      "integrity": "sha512-QvDyCHABYlZ02PyGevbBZc9tS+Li0zXhTaTC1IJ2wJrd8q9cSS3mUnzAJUjPUuCtofdLBwePd2AuzsYE2ZXEJQ==",
      "dev": true,
      "dependencies": {
        "allure-js-commons": "2.12.2"
      }
    },
    "node_modules/ansi-regex": {
      "version": "4.1.1",
      "resolved": "https://registry.npmjs.org/ansi-regex/-/ansi-regex-4.1.1.tgz",
      "integrity": "sha512-ILlv4k/3f6vfQ4OoP2AGvirOktlQ98ZEL1k9FaQjxa3L1abBgbuTDAdPOpvbGncC0BTVQrl+OM8xZGK6tWXt7g==",
      "dev": true,
      "engines": {
        "node": ">=6"
      }
    },
    "node_modules/properties": {
      "version": "1.2.1",
      "resolved": "https://registry.npmjs.org/properties/-/properties-1.2.1.tgz",
      "integrity": "sha512-qYNxyMj1JeW54i/EWEFsM1cVwxJbtgPp8+0Wg9XjNaK6VE/c4oRi6PNu5p7w1mNXEIQIjV5Wwn8v8Gz82/QzdQ==",
      "dev": true,
      "engines": {
        "node": ">=0.10"
      }
    },
    "node_modules/strip-ansi": {
      "version": "5.2.0",
      "resolved": "https://registry.npmjs.org/strip-ansi/-/strip-ansi-5.2.0.tgz",
      "integrity": "sha512-DuRs1gKbBqsMKIZlrffwlug8MHkcnpjs5VPmL1PAh+mA30U0DTotfDZ0d2UUsXpPmPmMMJ6W773MaA3J+lbiWA==",
      "dev": true,
      "dependencies": {
        "ansi-regex": "^4.1.0"
      },
      "engines": {
        "node": ">=6"
      }
    }
  }
}
